// !$*UTF8*$!
{
	archiveVersion = 1;
	classes = {
	};
	objectVersion = 46;
	objects = {

/* Begin PBXBuildFile section */
		035DDCA11DE1DD9900F85F7C /* main.m in Sources */ = {isa = PBXBuildFile; fileRef = 035DDCA01DE1DD9900F85F7C /* main.m */; };
		035DDCA41DE1DD9900F85F7C /* AppDelegate.m in Sources */ = {isa = PBXBuildFile; fileRef = 035DDCA31DE1DD9900F85F7C /* AppDelegate.m */; };
		035DDCA71DE1DD9900F85F7C /* ViewController.m in Sources */ = {isa = PBXBuildFile; fileRef = 035DDCA61DE1DD9900F85F7C /* ViewController.m */; };
		035DDCAA1DE1DD9900F85F7C /* Main.storyboard in Resources */ = {isa = PBXBuildFile; fileRef = 035DDCA81DE1DD9900F85F7C /* Main.storyboard */; };
		035DDCAC1DE1DD9900F85F7C /* Assets.xcassets in Resources */ = {isa = PBXBuildFile; fileRef = 035DDCAB1DE1DD9900F85F7C /* Assets.xcassets */; };
		035DDCAF1DE1DD9900F85F7C /* LaunchScreen.storyboard in Resources */ = {isa = PBXBuildFile; fileRef = 035DDCAD1DE1DD9900F85F7C /* LaunchScreen.storyboard */; };
		035DDCB81DE1DDAF00F85F7C /* NSTimer+OOAddition.m in Sources */ = {isa = PBXBuildFile; fileRef = 035DDCB71DE1DDAF00F85F7C /* NSTimer+OOAddition.m */; };
		1CF749611DE42EB600BCBB7F /* OONode.m in Sources */ = {isa = PBXBuildFile; fileRef = 1CF749601DE42EB600BCBB7F /* OONode.m */; };
		1CF749641DE42F3900BCBB7F /* OOWall.m in Sources */ = {isa = PBXBuildFile; fileRef = 1CF749631DE42F3900BCBB7F /* OOWall.m */; };
/* End PBXBuildFile section */

/* Begin PBXFileReference section */
		035DDC9C1DE1DD9900F85F7C /* PathFinding.app */ = {isa = PBXFileReference; explicitFileType = wrapper.application; includeInIndex = 0; path = PathFinding.app; sourceTree = BUILT_PRODUCTS_DIR; };
		035DDCA01DE1DD9900F85F7C /* main.m */ = {isa = PBXFileReference; lastKnownFileType = sourcecode.c.objc; path = main.m; sourceTree = "<group>"; };
		035DDCA21DE1DD9900F85F7C /* AppDelegate.h */ = {isa = PBXFileReference; lastKnownFileType = sourcecode.c.h; path = AppDelegate.h; sourceTree = "<group>"; };
		035DDCA31DE1DD9900F85F7C /* AppDelegate.m */ = {isa = PBXFileReference; lastKnownFileType = sourcecode.c.objc; path = AppDelegate.m; sourceTree = "<group>"; };
		035DDCA51DE1DD9900F85F7C /* ViewController.h */ = {isa = PBXFileReference; lastKnownFileType = sourcecode.c.h; path = ViewController.h; sourceTree = "<group>"; };
		035DDCA61DE1DD9900F85F7C /* ViewController.m */ = {isa = PBXFileReference; lastKnownFileType = sourcecode.c.objc; path = ViewController.m; sourceTree = "<group>"; };
		035DDCA91DE1DD9900F85F7C /* Base */ = {isa = PBXFileReference; lastKnownFileType = file.storyboard; name = Base; path = Base.lproj/Main.storyboard; sourceTree = "<group>"; };
		035DDCAB1DE1DD9900F85F7C /* Assets.xcassets */ = {isa = PBXFileReference; lastKnownFileType = folder.assetcatalog; path = Assets.xcassets; sourceTree = "<group>"; };
		035DDCAE1DE1DD9900F85F7C /* Base */ = {isa = PBXFileReference; lastKnownFileType = file.storyboard; name = Base; path = Base.lproj/LaunchScreen.storyboard; sourceTree = "<group>"; };
		035DDCB01DE1DD9900F85F7C /* Info.plist */ = {isa = PBXFileReference; lastKnownFileType = text.plist.xml; path = Info.plist; sourceTree = "<group>"; };
		035DDCB61DE1DDAF00F85F7C /* NSTimer+OOAddition.h */ = {isa = PBXFileReference; fileEncoding = 4; lastKnownFileType = sourcecode.c.h; path = "NSTimer+OOAddition.h"; sourceTree = "<group>"; };
		035DDCB71DE1DDAF00F85F7C /* NSTimer+OOAddition.m */ = {isa = PBXFileReference; fileEncoding = 4; lastKnownFileType = sourcecode.c.objc; path = "NSTimer+OOAddition.m"; sourceTree = "<group>"; };
		1CF7495F1DE42EB600BCBB7F /* OONode.h */ = {isa = PBXFileReference; fileEncoding = 4; lastKnownFileType = sourcecode.c.h; path = OONode.h; sourceTree = "<group>"; };
		1CF749601DE42EB600BCBB7F /* OONode.m */ = {isa = PBXFileReference; fileEncoding = 4; lastKnownFileType = sourcecode.c.objc; path = OONode.m; sourceTree = "<group>"; };
		1CF749621DE42F3900BCBB7F /* OOWall.h */ = {isa = PBXFileReference; fileEncoding = 4; lastKnownFileType = sourcecode.c.h; path = OOWall.h; sourceTree = "<group>"; };
		1CF749631DE42F3900BCBB7F /* OOWall.m */ = {isa = PBXFileReference; fileEncoding = 4; lastKnownFileType = sourcecode.c.objc; path = OOWall.m; sourceTree = "<group>"; };
/* End PBXFileReference section */

/* Begin PBXFrameworksBuildPhase section */
		035DDC991DE1DD9900F85F7C /* Frameworks */ = {
			isa = PBXFrameworksBuildPhase;
			buildActionMask = 2147483647;
			files = (
			);
			runOnlyForDeploymentPostprocessing = 0;
		};
/* End PBXFrameworksBuildPhase section */

/* Begin PBXGroup section */
		035DDC931DE1DD9800F85F7C = {
			isa = PBXGroup;
			children = (
				035DDC9E1DE1DD9900F85F7C /* PathFinding */,
				035DDC9D1DE1DD9900F85F7C /* Products */,
			);
			sourceTree = "<group>";
		};
		035DDC9D1DE1DD9900F85F7C /* Products */ = {
			isa = PBXGroup;
			children = (
				035DDC9C1DE1DD9900F85F7C /* PathFinding.app */,
			);
			name = Products;
			sourceTree = "<group>";
		};
		035DDC9E1DE1DD9900F85F7C /* PathFinding */ = {
			isa = PBXGroup;
			children = (
				035DDCB61DE1DDAF00F85F7C /* NSTimer+OOAddition.h */,
				035DDCB71DE1DDAF00F85F7C /* NSTimer+OOAddition.m */,
				035DDCA21DE1DD9900F85F7C /* AppDelegate.h */,
				035DDCA31DE1DD9900F85F7C /* AppDelegate.m */,
				035DDCA51DE1DD9900F85F7C /* ViewController.h */,
				035DDCA61DE1DD9900F85F7C /* ViewController.m */,
				035DDCA81DE1DD9900F85F7C /* Main.storyboard */,
				035DDCAB1DE1DD9900F85F7C /* Assets.xcassets */,
				035DDCAD1DE1DD9900F85F7C /* LaunchScreen.storyboard */,
				035DDCB01DE1DD9900F85F7C /* Info.plist */,
				035DDC9F1DE1DD9900F85F7C /* Supporting Files */,
				1CF7495F1DE42EB600BCBB7F /* OONode.h */,
				1CF749601DE42EB600BCBB7F /* OONode.m */,
				1CF749621DE42F3900BCBB7F /* OOWall.h */,
				1CF749631DE42F3900BCBB7F /* OOWall.m */,
			);
			path = PathFinding;
			sourceTree = "<group>";
		};
		035DDC9F1DE1DD9900F85F7C /* Supporting Files */ = {
			isa = PBXGroup;
			children = (
				035DDCA01DE1DD9900F85F7C /* main.m */,
			);
			name = "Supporting Files";
			sourceTree = "<group>";
		};
/* End PBXGroup section */

/* Begin PBXNativeTarget section */
		035DDC9B1DE1DD9900F85F7C /* PathFinding */ = {
			isa = PBXNativeTarget;
			buildConfigurationList = 035DDCB31DE1DD9900F85F7C /* Build configuration list for PBXNativeTarget "PathFinding" */;
			buildPhases = (
				035DDC981DE1DD9900F85F7C /* Sources */,
				035DDC991DE1DD9900F85F7C /* Frameworks */,
				035DDC9A1DE1DD9900F85F7C /* Resources */,
			);
			buildRules = (
			);
			dependencies = (
			);
			name = PathFinding;
			productName = PathFinding;
			productReference = 035DDC9C1DE1DD9900F85F7C /* PathFinding.app */;
			productType = "com.apple.product-type.application";
		};
/* End PBXNativeTarget section */

/* Begin PBXProject section */
		035DDC941DE1DD9800F85F7C /* Project object */ = {
			isa = PBXProject;
			attributes = {
				LastUpgradeCheck = 0800;
				ORGANIZATIONNAME = oosnail;
				TargetAttributes = {
					035DDC9B1DE1DD9900F85F7C = {
						CreatedOnToolsVersion = 8.0;
						ProvisioningStyle = Automatic;
					};
				};
			};
			buildConfigurationList = 035DDC971DE1DD9800F85F7C /* Build configuration list for PBXProject "PathFinding" */;
			compatibilityVersion = "Xcode 3.2";
			developmentRegion = English;
			hasScannedForEncodings = 0;
			knownRegions = (
				en,
				Base,
			);
			mainGroup = 035DDC931DE1DD9800F85F7C;
			productRefGroup = 035DDC9D1DE1DD9900F85F7C /* Products */;
			projectDirPath = "";
			projectRoot = "";
			targets = (
				035DDC9B1DE1DD9900F85F7C /* PathFinding */,
			);
		};
/* End PBXProject section */

/* Begin PBXResourcesBuildPhase section */
		035DDC9A1DE1DD9900F85F7C /* Resources */ = {
			isa = PBXResourcesBuildPhase;
			buildActionMask = 2147483647;
			files = (
				035DDCAF1DE1DD9900F85F7C /* LaunchScreen.storyboard in Resources */,
				035DDCAC1DE1DD9900F85F7C /* Assets.xcassets in Resources */,
				035DDCAA1DE1DD9900F85F7C /* Main.storyboard in Resources */,
			);
			runOnlyForDeploymentPostprocessing = 0;
		};
/* End PBXResourcesBuildPhase section */

/* Begin PBXSourcesBuildPhase section */
		035DDC981DE1DD9900F85F7C /* Sources */ = {
			isa = PBXSourcesBuildPhase;
			buildActionMask = 2147483647;
			files = (
				035DDCA71DE1DD9900F85F7C /* ViewController.m in Sources */,
				035DDCA41DE1DD9900F85F7C /* AppDelegate.m in Sources */,
				035DDCB81DE1DDAF00F85F7C /* NSTimer+OOAddition.m in Sources */,
				035DDCA11DE1DD9900F85F7C /* main.m in Sources */,
				1CF749611DE42EB600BCBB7F /* OONode.m in Sources */,
				1CF749641DE42F3900BCBB7F /* OOWall.m in Sources */,
			);
			runOnlyForDeploymentPostprocessing = 0;
		};
/* End PBXSourcesBuildPhase section */

/* Begin PBXVariantGroup section */
		035DDCA81DE1DD9900F85F7C /* Main.storyboard */ = {
			isa = PBXVariantGroup;
			children = (
				035DDCA91DE1DD9900F85F7C /* Base */,
			);
			name = Main.storyboard;
			sourceTree = "<group>";
		};
		035DDCAD1DE1DD9900F85F7C /* LaunchScreen.storyboard */ = {
			isa = PBXVariantGroup;
			children = (
				035DDCAE1DE1DD9900F85F7C /* Base */,
			);
			name = LaunchScreen.storyboard;
			sourceTree = "<group>";
		};
/* End PBXVariantGroup section */

/* Begin XCBuildConfiguration section */
		035DDCB11DE1DD9900F85F7C /* Debug */ = {
			isa = XCBuildConfiguration;
			buildSettings = {
				ALWAYS_SEARCH_USER_PATHS = NO;
				CLANG_ANALYZER_NONNULL = YES;
				CLANG_CXX_LANGUAGE_STANDARD = "gnu++0x";
				CLANG_CXX_LIBRARY = "libc++";
				CLANG_ENABLE_MODULES = YES;
				CLANG_ENABLE_OBJC_ARC = YES;
				CLANG_WARN_BOOL_CONVERSION = YES;
				CLANG_WARN_CONSTANT_CONVERSION = YES;
				CLANG_WARN_DIRECT_OBJC_ISA_USAGE = YES_ERROR;
				CLANG_WARN_DOCUMENTATION_COMMENTS = YES;
				CLANG_WARN_EMPTY_BODY = YES;
				CLANG_WARN_ENUM_CONVERSION = YES;
				CLANG_WARN_INFINITE_RECURSION = YES;
				CLANG_WARN_INT_CONVERSION = YES;
				CLANG_WARN_OBJC_ROOT_CLASS = YES_ERROR;
				CLANG_WARN_SUSPICIOUS_MOVES = YES;
				CLANG_WARN_UNREACHABLE_CODE = YES;
				CLANG_WARN__DUPLICATE_METHOD_MATCH = YES;
				"CODE_SIGN_IDENTITY[sdk=iphoneos*]" = "iPhone Developer";
				COPY_PHASE_STRIP = NO;
				DEBUG_INFORMATION_FORMAT = dwarf;
				ENABLE_STRICT_OBJC_MSGSEND = YES;
				ENABLE_TESTABILITY = YES;
				GCC_C_LANGUAGE_STANDARD = gnu99;
				GCC_DYNAMIC_NO_PIC = NO;
				GCC_NO_COMMON_BLOCKS = YES;
				GCC_OPTIMIZATION_LEVEL = 0;
				GCC_PREPROCESSOR_DEFINITIONS = (
					"DEBUG=1",
					"$(inherited)",
				);
				GCC_WARN_64_TO_32_BIT_CONVERSION = YES;
				GCC_WARN_ABOUT_RETURN_TYPE = YES_ERROR;
				GCC_WARN_UNDECLARED_SELECTOR = YES;
				GCC_WARN_UNINITIALIZED_AUTOS = YES_AGGRESSIVE;
				GCC_WARN_UNUSED_FUNCTION = YES;
				GCC_WARN_UNUSED_VARIABLE = YES;
				IPHONEOS_DEPLOYMENT_TARGET = 10.0;
				MTL_ENABLE_DEBUG_INFO = YES;
				ONLY_ACTIVE_ARCH = YES;
				SDKROOT = iphoneos;
				TARGETED_DEVICE_FAMILY = "1,2";
			};
			name = Debug;
		};
		035DDCB21DE1DD9900F85F7C /* Release */ = {
			isa = XCBuildConfiguration;
			buildSettings = {
				ALWAYS_SEARCH_USER_PATHS = NO;
				CLANG_ANALYZER_NONNULL = YES;
				CLANG_CXX_LANGUAGE_STANDARD = "gnu++0x";
				CLANG_CXX_LIBRARY = "libc++";
				CLANG_ENABLE_MODULES = YES;
				CLANG_ENABLE_OBJC_ARC = YES;
				CLANG_WARN_BOOL_CONVERSION = YES;
				CLANG_WARN_CONSTANT_CONVERSION = YES;
				CLANG_WARN_DIRECT_OBJC_ISA_USAGE = YES_ERROR;
				CLANG_WARN_DOCUMENTATION_COMMENTS = YES;
				CLANG_WARN_EMPTY_BODY = YES;
				CLANG_WARN_ENUM_CONVERSION = YES;
				CLANG_WARN_INFINITE_RECURSION = YES;
				CLANG_WARN_INT_CONVERSION = YES;
				CLANG_WARN_OBJC_ROOT_CLASS = YES_ERROR;
				CLANG_WARN_SUSPICIOUS_MOVES = YES;
				CLANG_WARN_UNREACHABLE_CODE = YES;
				CLANG_WARN__DUPLICATE_METHOD_MATCH = YES;
				"CODE_SIGN_IDENTITY[sdk=iphoneos*]" = "iPhone Developer";
				COPY_PHASE_STRIP = NO;
				DEBUG_INFORMATION_FORMAT = "dwarf-with-dsym";
				ENABLE_NS_ASSERTIONS = NO;
				ENABLE_STRICT_OBJC_MSGSEND = YES;
				GCC_C_LANGUAGE_STANDARD = gnu99;
				GCC_NO_COMMON_BLOCKS = YES;
				GCC_WARN_64_TO_32_BIT_CONVERSION = YES;
				GCC_WARN_ABOUT_RETURN_TYPE = YES_ERROR;
				GCC_WARN_UNDECLARED_SELECTOR = YES;
				GCC_WARN_UNINITIALIZED_AUTOS = YES_AGGRESSIVE;
				GCC_WARN_UNUSED_FUNCTION = YES;
				GCC_WARN_UNUSED_VARIABLE = YES;
				IPHONEOS_DEPLOYMENT_TARGET = 10.0;
				MTL_ENABLE_DEBUG_INFO = NO;
				SDKROOT = iphoneos;
				TARGETED_DEVICE_FAMILY = "1,2";
				VALIDATE_PRODUCT = YES;
			};
			name = Release;
		};
		035DDCB41DE1DD9900F85F7C /* Debug */ = {
			isa = XCBuildConfiguration;
			buildSettings = {
				ASSETCATALOG_COMPILER_APPICON_NAME = AppIcon;
				INFOPLIST_FILE = PathFinding/Info.plist;
				LD_RUNPATH_SEARCH_PATHS = "$(inherited) @executable_path/Frameworks";
				PRODUCT_BUNDLE_IDENTIFIER = oosnail.PathFinding;
				PRODUCT_NAME = "$(TARGET_NAME)";
			};
			name = Debug;
		};
		035DDCB51DE1DD9900F85F7C /* Release */ = {
			isa = XCBuildConfiguration;
			buildSettings = {
				ASSETCATALOG_COMPILER_APPICON_NAME = AppIcon;
				INFOPLIST_FILE = PathFinding/Info.plist;
				LD_RUNPATH_SEARCH_PATHS = "$(inherited) @executable_path/Frameworks";
				PRODUCT_BUNDLE_IDENTIFIER = oosnail.PathFinding;
				PRODUCT_NAME = "$(TARGET_NAME)";
			};
			name = Release;
		};
/* End XCBuildConfiguration section */

/* Begin XCConfigurationList section */
		035DDC971DE1DD9800F85F7C /* Build configuration list for PBXProject "PathFinding" */ = {
			isa = XCConfigurationList;
			buildConfigurations = (
				035DDCB11DE1DD9900F85F7C /* Debug */,
				035DDCB21DE1DD9900F85F7C /* Release */,
			);
			defaultConfigurationIsVisible = 0;
			defaultConfigurationName = Release;
		};
		035DDCB31DE1DD9900F85F7C /* Build configuration list for PBXNativeTarget "PathFinding" */ = {
			isa = XCConfigurationList;
			buildConfigurations = (
				035DDCB41DE1DD9900F85F7C /* Debug */,
				035DDCB51DE1DD9900F85F7C /* Release */,
			);
			defaultConfigurationIsVisible = 0;
			defaultConfigurationName = Release;
		};
/* End XCConfigurationList section */
	};
	rootObject = 035DDC941DE1DD9800F85F7C /* Project object */;
}
